github.com/Sirupsen/logrus v0.0.0-20170314192353-ba1b36c82c5e h1:wq+i9UR7wnrhMZvAHWgEUgzbReIV4xuyRaVedi9u7W0=
github.com/Sirupsen/logrus v0.0.0-20170314192353-ba1b36c82c5e/go.mod h1:rmk17hk6i8ZSAJkSDa7nOxamrG+SP4P0mm+DAvExv4U=
github.com/eSailors/go-datadog v0.0.0-20170130100102-f50ae93817c9 h1:85fQyZOuN7GsOzeVCR9KABbsYRdUe1bzxeCOqhOGijc=
github.com/eSailors/go-datadog v0.0.0-20170130100102-f50ae93817c9/go.mod h1:ebQtzOO1mBEttm41UNkI4BzxgqNGVWJWRNnOY/IoREM=
github.com/goji/httpauth v0.0.0-20160601135302-2da839ab0f4d h1:lBXNCxVENCipq4D1Is42JVOP4eQjlB8TQ6H69Yx5J9Q=
github.com/goji/httpauth v0.0.0-20160601135302-2da839ab0f4d/go.mod h1:nnjvkQ9ptGaCkuDUx6wNykzzlUixGxvkme+H/lnzb+A=
github.com/gorilla/handlers v0.0.0-20161206055144-3a5767ca75ec h1:RDyBmwIQWsSnpRDzYBziOiD54eGHlAffUxF98z17bNY=
github.com/gorilla/handlers v0.0.0-20161206055144-3a5767ca75ec/go.mod h1:Qkdc/uu4tH4g6mTK6auzZ766c4CA0Ng8+o/OAirnOIQ=
github.com/jessevdk/go-flags v0.0.0-20170212173348-48cf8722c337 h1:yr6AlYZgrZT16fO1fl4zuQTYOhapTMVQGfRb6m6E9P0=
github.com/jessevdk/go-flags v0.0.0-20170212173348-48cf8722c337/go.mod h1:4FA24M0QyGHXBuZZK/XkWh8h0e1EYbRYJSGM75WSRxI=
github.com/julienschmidt/httprouter v0.0.0-20150421170007-8c199fb6259f h1:uUls/Yg9JMVDQiD1vHplcHRNqz5wv6qylEXYM7JtLUY=
github.com/julienschmidt/httprouter v0.0.0-20150421170007-8c199fb6259f/go.mod h1:SYymIcj16QtmaHHD7aYtjjsJG7VTCxuUUipMqKk8s4w=
github.com/mgutz/ansi v0.0.0-20150914162238-c286dcecd19f h1:9RKjtkGo+3aNumDva3Gdia9GAYWSHhlh/QHEsTgBF6Y=
github.com/mgutz/ansi v0.0.0-20150914162238-c286dcecd19f/go.mod h1:01TrycV0kFyexm33Z7vhZRXopbI8J3TDReVlkTgMUxE=
github.com/pkg/errors v0.0.0-20160929014801-645ef00459ed h1:7YZJ1xGPxV+y6rSIzEpufIIi0/gJXPbfQ0T01F5CKBk=
github.com/pkg/errors v0.0.0-20160929014801-645ef00459ed/go.mod h1:bwawxfHBFNV+L2hUp1rHADufV3IMtnDRdf1r5NINEl0=
github.com/rcrowley/go-metrics v0.0.0-20160921195207-ab2277b1c5d1 h1:o3iE/D0GA2nwRj95T5eN81lBzOYyxUieqZ+7gSQXRoc=
github.com/rcrowley/go-metrics v0.0.0-20160921195207-ab2277b1c5d1/go.mod h1:bCqnVzQkZxMG4s8nGwiZ5l3QUCyqpo9Y+/ZMZ9VjZe4=
github.com/x-cray/logrus-prefixed-formatter v0.0.0-20170208102450-9cd0cf058806 h1:6B89DeDY9FFOXLE2BLW4otbj2cxFynQqGBT8g4IygdI=
github.com/x-cray/logrus-prefixed-formatter v0.0.0-20170208102450-9cd0cf058806/go.mod h1:2duySbKsL6M18s5GU7VPsoEPHyzalCE06qoARUCeBBE=
golang.org/x/sys v0.0.0-20160916181909-8f0908ab3b24/go.mod h1:STP8DvDyc/dI5b8T5hshtkjS+E42TnysNCUPdjciGhY=
gopkg.in/tylerb/graceful.v1 v1.0.0-20170201195855-4654dfbb6ad5 h1:ymmo0FiFy8xL7D01hJtktKRlp4MPqrJMGHsGEO2KOXQ=
gopkg.in/tylerb/graceful.v1 v1.0.0-20170201195855-4654dfbb6ad5/go.mod h1:yBhekWvR20ACXVObSSdD3u6S9DeSylanL2PAbAC/uJ8=
